
Microsoft Visual Studio Solution File, Format Version 12.00
# Visual Studio Version 16
VisualStudioVersion = 16.0.30413.136
MinimumVisualStudioVersion = 10.0.40219.1
Project("{FAE04EC0-301F-11D3-BF4B-00C04F79EFBC}") = "Laboratorio2ED2", "Laboratorio2ED2\Laboratorio2ED2.csproj", "{75CD3F21-C5F9-4E6D-9815-48C9FABCE8E1}"
EndProject
Project("{FAE04EC0-301F-11D3-BF4B-00C04F79EFBC}") = "PruebaArbol", "PruebaArbol\PruebaArbol.csproj", "{294FB8AD-631A-44A2-9292-A4DB34659CF4}"
EndProject
Project("{FAE04EC0-301F-11D3-BF4B-00C04F79EFBC}") = "API", "API\API.csproj", "{CC2B2992-F8CC-4760-A575-DA06F379AD2D}"
EndProject
Global
	GlobalSection(SolutionConfigurationPlatforms) = preSolution
		Debug|Any CPU = Debug|Any CPU
		Release|Any CPU = Release|Any CPU
	EndGlobalSection
	GlobalSection(ProjectConfigurationPlatforms) = postSolution
		{75CD3F21-C5F9-4E6D-9815-48C9FABCE8E1}.Debug|Any CPU.ActiveCfg = Debug|Any CPU
		{75CD3F21-C5F9-4E6D-9815-48C9FABCE8E1}.Debug|Any CPU.Build.0 = Debug|Any CPU
		{75CD3F21-C5F9-4E6D-9815-48C9FABCE8E1}.Release|Any CPU.ActiveCfg = Release|Any CPU
		{75CD3F21-C5F9-4E6D-9815-48C9FABCE8E1}.Release|Any CPU.Build.0 = Release|Any CPU
		{294FB8AD-631A-44A2-9292-A4DB34659CF4}.Debug|Any CPU.ActiveCfg = Debug|Any CPU
		{294FB8AD-631A-44A2-9292-A4DB34659CF4}.Debug|Any CPU.Build.0 = Debug|Any CPU
		{294FB8AD-631A-44A2-9292-A4DB34659CF4}.Release|Any CPU.ActiveCfg = Release|Any CPU
		{294FB8AD-631A-44A2-9292-A4DB34659CF4}.Release|Any CPU.Build.0 = Release|Any CPU
		{CC2B2992-F8CC-4760-A575-DA06F379AD2D}.Debug|Any CPU.ActiveCfg = Debug|Any CPU
		{CC2B2992-F8CC-4760-A575-DA06F379AD2D}.Debug|Any CPU.Build.0 = Debug|Any CPU
		{CC2B2992-F8CC-4760-A575-DA06F379AD2D}.Release|Any CPU.ActiveCfg = Release|Any CPU
		{CC2B2992-F8CC-4760-A575-DA06F379AD2D}.Release|Any CPU.Build.0 = Release|Any CPU
	EndGlobalSection
	GlobalSection(SolutionProperties) = preSolution
		HideSolutionNode = FALSE
	EndGlobalSection
	GlobalSection(ExtensibilityGlobals) = postSolution
		SolutionGuid = {47EDE742-6409-4FBA-96BF-DBB53043883B}
	EndGlobalSection
EndGlobal
